
Microsoft Visual Studio Solution File, Format Version 12.00
# Visual Studio Version 16
VisualStudioVersion = 16.0.29009.5
MinimumVisualStudioVersion = 10.0.40219.1
Project("{FAE04EC0-301F-11D3-BF4B-00C04F79EFBC}") = "CEGVNTool", "CEGVNTool\CEGVNTool.csproj", "{78C5E90A-4134-4A2E-B2F5-1DB394656680}"
EndProject
Project("{FAE04EC0-301F-11D3-BF4B-00C04F79EFBC}") = "Newtonsoft.Json", "..\Reference\Newtonsoft.Json\Newtonsoft.Json.csproj", "{EEEA67F9-9089-481D-A4DC-0966DEC9FD7D}"
EndProject
Global
	GlobalSection(SolutionConfigurationPlatforms) = preSolution
		Debug|Any CPU = Debug|Any CPU
		Release|Any CPU = Release|Any CPU
	EndGlobalSection
	GlobalSection(ProjectConfigurationPlatforms) = postSolution
		{78C5E90A-4134-4A2E-B2F5-1DB394656680}.Debug|Any CPU.ActiveCfg = Debug|Any CPU
		{78C5E90A-4134-4A2E-B2F5-1DB394656680}.Debug|Any CPU.Build.0 = Debug|Any CPU
		{78C5E90A-4134-4A2E-B2F5-1DB394656680}.Release|Any CPU.ActiveCfg = Release|Any CPU
		{78C5E90A-4134-4A2E-B2F5-1DB394656680}.Release|Any CPU.Build.0 = Release|Any CPU
		{EEEA67F9-9089-481D-A4DC-0966DEC9FD7D}.Debug|Any CPU.ActiveCfg = Debug|Any CPU
		{EEEA67F9-9089-481D-A4DC-0966DEC9FD7D}.Debug|Any CPU.Build.0 = Debug|Any CPU
		{EEEA67F9-9089-481D-A4DC-0966DEC9FD7D}.Release|Any CPU.ActiveCfg = Release|Any CPU
		{EEEA67F9-9089-481D-A4DC-0966DEC9FD7D}.Release|Any CPU.Build.0 = Release|Any CPU
	EndGlobalSection
	GlobalSection(SolutionProperties) = preSolution
		HideSolutionNode = FALSE
	EndGlobalSection
	GlobalSection(ExtensibilityGlobals) = postSolution
		SolutionGuid = {CA75E200-0CF2-472A-91D3-5CDEADC08CEB}
	EndGlobalSection
EndGlobal
